
Microsoft Visual Studio Solution File, Format Version 12.00
# Visual Studio Version 17
VisualStudioVersion = 17.11.35327.3
MinimumVisualStudioVersion = 10.0.40219.1
Project("{2150E333-8FDC-42A3-9474-1A3956D46DE8}") = "WebApi", "WebApi", "{E37A0959-D23E-42C7-BFB8-51896A6B8A2B}"
EndProject
Project("{2150E333-8FDC-42A3-9474-1A3956D46DE8}") = "WebApp", "WebApp", "{FBDAA5E1-77B0-4C4F-ABAB-B49410386478}"
EndProject
Project("{9A19103F-16F7-4668-BE54-9A1E7A4F7556}") = "WebApi", "WebApi\WebApi.csproj", "{05AA9AFC-1C0D-4809-934E-3A403DD1FF6E}"
EndProject
Project("{9A19103F-16F7-4668-BE54-9A1E7A4F7556}") = "WebApp", "WebApp\WebApp.csproj", "{1BF34504-1ABD-4A16-8439-9BBA243EAD98}"
EndProject
Project("{2150E333-8FDC-42A3-9474-1A3956D46DE8}") = "Library", "Library", "{1C99CB47-D62A-4563-A8A1-0E7055081668}"
	ProjectSection(SolutionItems) = preProject
		AssemblyInfo.cs = AssemblyInfo.cs
	EndProjectSection
EndProject
Project("{9A19103F-16F7-4668-BE54-9A1E7A4F7556}") = "ApiConfiguration", "ApiConfiguration\ApiConfiguration.csproj", "{78A4A940-8D58-4693-BEA0-055D54C9D372}"
EndProject
Project("{9A19103F-16F7-4668-BE54-9A1E7A4F7556}") = "Common", "Common\Common.csproj", "{850B76D7-4E4E-4AD3-9A94-A49ECF1501B0}"
EndProject
Project("{2150E333-8FDC-42A3-9474-1A3956D46DE8}") = "Data", "Data", "{87534D40-E9F9-4C75-AAF0-0D701C8AABE2}"
EndProject
Project("{9A19103F-16F7-4668-BE54-9A1E7A4F7556}") = "DataAccess", "DataAccess\DataAccess.csproj", "{A079086A-F005-4EBC-AE16-056360B5CEA7}"
EndProject
Project("{9A19103F-16F7-4668-BE54-9A1E7A4F7556}") = "ClientConfiguration", "ClientConfiguration\ClientConfiguration.csproj", "{5BDBB299-AF53-420A-81F1-BE1770F7F3FA}"
EndProject
Global
	GlobalSection(SolutionConfigurationPlatforms) = preSolution
		Debug|Any CPU = Debug|Any CPU
		Release|Any CPU = Release|Any CPU
	EndGlobalSection
	GlobalSection(ProjectConfigurationPlatforms) = postSolution
		{05AA9AFC-1C0D-4809-934E-3A403DD1FF6E}.Debug|Any CPU.ActiveCfg = Debug|Any CPU
		{05AA9AFC-1C0D-4809-934E-3A403DD1FF6E}.Debug|Any CPU.Build.0 = Debug|Any CPU
		{05AA9AFC-1C0D-4809-934E-3A403DD1FF6E}.Release|Any CPU.ActiveCfg = Release|Any CPU
		{05AA9AFC-1C0D-4809-934E-3A403DD1FF6E}.Release|Any CPU.Build.0 = Release|Any CPU
		{1BF34504-1ABD-4A16-8439-9BBA243EAD98}.Debug|Any CPU.ActiveCfg = Debug|Any CPU
		{1BF34504-1ABD-4A16-8439-9BBA243EAD98}.Debug|Any CPU.Build.0 = Debug|Any CPU
		{1BF34504-1ABD-4A16-8439-9BBA243EAD98}.Release|Any CPU.ActiveCfg = Release|Any CPU
		{1BF34504-1ABD-4A16-8439-9BBA243EAD98}.Release|Any CPU.Build.0 = Release|Any CPU
		{78A4A940-8D58-4693-BEA0-055D54C9D372}.Debug|Any CPU.ActiveCfg = Debug|Any CPU
		{78A4A940-8D58-4693-BEA0-055D54C9D372}.Debug|Any CPU.Build.0 = Debug|Any CPU
		{78A4A940-8D58-4693-BEA0-055D54C9D372}.Release|Any CPU.ActiveCfg = Release|Any CPU
		{78A4A940-8D58-4693-BEA0-055D54C9D372}.Release|Any CPU.Build.0 = Release|Any CPU
		{850B76D7-4E4E-4AD3-9A94-A49ECF1501B0}.Debug|Any CPU.ActiveCfg = Debug|Any CPU
		{850B76D7-4E4E-4AD3-9A94-A49ECF1501B0}.Debug|Any CPU.Build.0 = Debug|Any CPU
		{850B76D7-4E4E-4AD3-9A94-A49ECF1501B0}.Release|Any CPU.ActiveCfg = Release|Any CPU
		{850B76D7-4E4E-4AD3-9A94-A49ECF1501B0}.Release|Any CPU.Build.0 = Release|Any CPU
		{A079086A-F005-4EBC-AE16-056360B5CEA7}.Debug|Any CPU.ActiveCfg = Debug|Any CPU
		{A079086A-F005-4EBC-AE16-056360B5CEA7}.Debug|Any CPU.Build.0 = Debug|Any CPU
		{A079086A-F005-4EBC-AE16-056360B5CEA7}.Release|Any CPU.ActiveCfg = Release|Any CPU
		{A079086A-F005-4EBC-AE16-056360B5CEA7}.Release|Any CPU.Build.0 = Release|Any CPU
		{5BDBB299-AF53-420A-81F1-BE1770F7F3FA}.Debug|Any CPU.ActiveCfg = Debug|Any CPU
		{5BDBB299-AF53-420A-81F1-BE1770F7F3FA}.Debug|Any CPU.Build.0 = Debug|Any CPU
		{5BDBB299-AF53-420A-81F1-BE1770F7F3FA}.Release|Any CPU.ActiveCfg = Release|Any CPU
		{5BDBB299-AF53-420A-81F1-BE1770F7F3FA}.Release|Any CPU.Build.0 = Release|Any CPU
	EndGlobalSection
	GlobalSection(SolutionProperties) = preSolution
		HideSolutionNode = FALSE
	EndGlobalSection
	GlobalSection(NestedProjects) = preSolution
		{05AA9AFC-1C0D-4809-934E-3A403DD1FF6E} = {E37A0959-D23E-42C7-BFB8-51896A6B8A2B}
		{1BF34504-1ABD-4A16-8439-9BBA243EAD98} = {FBDAA5E1-77B0-4C4F-ABAB-B49410386478}
		{78A4A940-8D58-4693-BEA0-055D54C9D372} = {1C99CB47-D62A-4563-A8A1-0E7055081668}
		{850B76D7-4E4E-4AD3-9A94-A49ECF1501B0} = {1C99CB47-D62A-4563-A8A1-0E7055081668}
		{A079086A-F005-4EBC-AE16-056360B5CEA7} = {87534D40-E9F9-4C75-AAF0-0D701C8AABE2}
		{5BDBB299-AF53-420A-81F1-BE1770F7F3FA} = {1C99CB47-D62A-4563-A8A1-0E7055081668}
	EndGlobalSection
	GlobalSection(ExtensibilityGlobals) = postSolution
		SolutionGuid = {B44EF863-A2E6-4629-B37D-0F652509B414}
	EndGlobalSection
EndGlobal
